
Microsoft Visual Studio Solution File, Format Version 12.00
# Visual Studio Version 17
VisualStudioVersion = 17.1.32228.430
MinimumVisualStudioVersion = 10.0.40219.1
Project("{2150E333-8FDC-42A3-9474-1A3956D46DE8}") = "src", "src", "{EB533AFC-1442-4BD7-95C0-8563171BECB2}"
EndProject
Project("{6EC3EE1D-3C4E-46DD-8F32-0CC8E7565705}") = "Minecraft.Parser", "src\Minecraft.Parser\Minecraft.Parser.fsproj", "{810D17E7-FEA5-46B5-B48F-289CF38B166F}"
EndProject
Project("{2150E333-8FDC-42A3-9474-1A3956D46DE8}") = "_", "_", "{71B6DF9E-8E73-4475-96CA-E1C6AFFA950A}"
	ProjectSection(SolutionItems) = preProject
		.gitignore = .gitignore
		build.cmd = build.cmd
		build.sh = build.sh
		paket.dependencies = paket.dependencies
		paket.lock = paket.lock
		RELEASE_NOTES.md = RELEASE_NOTES.md
	EndProjectSection
EndProject
Project("{F2A71F9B-5D33-465A-A702-920D77279786}") = "aardwars", "src\Aardwars\tool\aardwars.fsproj", "{49587346-CDAE-4245-9979-D190973AE50F}"
EndProject
Global
	GlobalSection(SolutionConfigurationPlatforms) = preSolution
		Debug|Any CPU = Debug|Any CPU
		Release|Any CPU = Release|Any CPU
	EndGlobalSection
	GlobalSection(ProjectConfigurationPlatforms) = postSolution
		{810D17E7-FEA5-46B5-B48F-289CF38B166F}.Debug|Any CPU.ActiveCfg = Debug|Any CPU
		{810D17E7-FEA5-46B5-B48F-289CF38B166F}.Debug|Any CPU.Build.0 = Debug|Any CPU
		{810D17E7-FEA5-46B5-B48F-289CF38B166F}.Release|Any CPU.ActiveCfg = Release|Any CPU
		{810D17E7-FEA5-46B5-B48F-289CF38B166F}.Release|Any CPU.Build.0 = Release|Any CPU
		{49587346-CDAE-4245-9979-D190973AE50F}.Debug|Any CPU.ActiveCfg = Debug|Any CPU
		{49587346-CDAE-4245-9979-D190973AE50F}.Debug|Any CPU.Build.0 = Debug|Any CPU
		{49587346-CDAE-4245-9979-D190973AE50F}.Release|Any CPU.ActiveCfg = Release|Any CPU
		{49587346-CDAE-4245-9979-D190973AE50F}.Release|Any CPU.Build.0 = Release|Any CPU
	EndGlobalSection
	GlobalSection(SolutionProperties) = preSolution
		HideSolutionNode = FALSE
	EndGlobalSection
	GlobalSection(NestedProjects) = preSolution
		{810D17E7-FEA5-46B5-B48F-289CF38B166F} = {EB533AFC-1442-4BD7-95C0-8563171BECB2}
		{49587346-CDAE-4245-9979-D190973AE50F} = {EB533AFC-1442-4BD7-95C0-8563171BECB2}
	EndGlobalSection
	GlobalSection(ExtensibilityGlobals) = postSolution
		SolutionGuid = {B8C7F7D2-26A8-41F6-B95D-708B8B938A82}
	EndGlobalSection
EndGlobal
